{
  "name": "pulse-fm",
  "version": "0.1.0",
  "lockfileVersion": 3,
  "requires": true,
  "packages": {
    "": {
      "name": "pulse-fm",
      "version": "0.1.0",
      "dependencies": {
        "jpeg-js": "^0.3.7",
        "pebble-clay": "^1.0.4"
      }
    },
    "node_modules/jpeg-js": {
      "version": "0.3.7",
      "resolved": "https://registry.npmjs.org/jpeg-js/-/jpeg-js-0.3.7.tgz",
      "integrity": "sha512-9IXdWudL61npZjvLuVe/ktHiA41iE8qFyLB+4VDTblEsWBzeg8WQTlktdUK4CdncUqtUgUg0bbOmTE2bKBKaBQ==",
      "license": "BSD-3-Clause"
    },
    "node_modules/pebble-clay": {
      "version": "1.0.4",
      "resolved": "https://registry.npmjs.org/pebble-clay/-/pebble-clay-1.0.4.tgz",
      "integrity": "sha512-/rXxmltdW8JyohDzXINdea+d2wnFJVNFiTXfuZsKpySURZSCFMMucX9sZPZvbHnEA4xFINM4iicyhBbvY4ALfw==",
      "license": "MIT"
    }
  }
}
